
Microsoft Visual Studio Solution File, Format Version 12.00
# Visual Studio Version 17
VisualStudioVersion = 17.0.31903.59
MinimumVisualStudioVersion = 10.0.40219.1
Project("{FAE04EC0-301F-11D3-BF4B-00C04F79EFBC}") = "CounterWithDebug", "CounterWithDebug\CounterWithDebug.csproj", "{34DA51CD-0BC7-4AA4-A565-B747511A45C7}"
EndProject
Project("{FAE04EC0-301F-11D3-BF4B-00C04F79EFBC}") = "Minimact.AspNetCore", "..\src\Minimact.AspNetCore\Minimact.AspNetCore.csproj", "{C342E8F3-080C-42A2-ADA5-1A9A3F8AF7FD}"
EndProject
Global
	GlobalSection(SolutionConfigurationPlatforms) = preSolution
		Debug|Any CPU = Debug|Any CPU
		Debug|x64 = Debug|x64
		Debug|x86 = Debug|x86
		Release|Any CPU = Release|Any CPU
		Release|x64 = Release|x64
		Release|x86 = Release|x86
	EndGlobalSection
	GlobalSection(ProjectConfigurationPlatforms) = postSolution
		{34DA51CD-0BC7-4AA4-A565-B747511A45C7}.Debug|Any CPU.ActiveCfg = Debug|Any CPU
		{34DA51CD-0BC7-4AA4-A565-B747511A45C7}.Debug|Any CPU.Build.0 = Debug|Any CPU
		{34DA51CD-0BC7-4AA4-A565-B747511A45C7}.Debug|x64.ActiveCfg = Debug|Any CPU
		{34DA51CD-0BC7-4AA4-A565-B747511A45C7}.Debug|x64.Build.0 = Debug|Any CPU
		{34DA51CD-0BC7-4AA4-A565-B747511A45C7}.Debug|x86.ActiveCfg = Debug|Any CPU
		{34DA51CD-0BC7-4AA4-A565-B747511A45C7}.Debug|x86.Build.0 = Debug|Any CPU
		{34DA51CD-0BC7-4AA4-A565-B747511A45C7}.Release|Any CPU.ActiveCfg = Release|Any CPU
		{34DA51CD-0BC7-4AA4-A565-B747511A45C7}.Release|Any CPU.Build.0 = Release|Any CPU
		{34DA51CD-0BC7-4AA4-A565-B747511A45C7}.Release|x64.ActiveCfg = Release|Any CPU
		{34DA51CD-0BC7-4AA4-A565-B747511A45C7}.Release|x64.Build.0 = Release|Any CPU
		{34DA51CD-0BC7-4AA4-A565-B747511A45C7}.Release|x86.ActiveCfg = Release|Any CPU
		{34DA51CD-0BC7-4AA4-A565-B747511A45C7}.Release|x86.Build.0 = Release|Any CPU
		{C342E8F3-080C-42A2-ADA5-1A9A3F8AF7FD}.Debug|Any CPU.ActiveCfg = Debug|Any CPU
		{C342E8F3-080C-42A2-ADA5-1A9A3F8AF7FD}.Debug|Any CPU.Build.0 = Debug|Any CPU
		{C342E8F3-080C-42A2-ADA5-1A9A3F8AF7FD}.Debug|x64.ActiveCfg = Debug|Any CPU
		{C342E8F3-080C-42A2-ADA5-1A9A3F8AF7FD}.Debug|x64.Build.0 = Debug|Any CPU
		{C342E8F3-080C-42A2-ADA5-1A9A3F8AF7FD}.Debug|x86.ActiveCfg = Debug|Any CPU
		{C342E8F3-080C-42A2-ADA5-1A9A3F8AF7FD}.Debug|x86.Build.0 = Debug|Any CPU
		{C342E8F3-080C-42A2-ADA5-1A9A3F8AF7FD}.Release|Any CPU.ActiveCfg = Release|Any CPU
		{C342E8F3-080C-42A2-ADA5-1A9A3F8AF7FD}.Release|Any CPU.Build.0 = Release|Any CPU
		{C342E8F3-080C-42A2-ADA5-1A9A3F8AF7FD}.Release|x64.ActiveCfg = Release|Any CPU
		{C342E8F3-080C-42A2-ADA5-1A9A3F8AF7FD}.Release|x64.Build.0 = Release|Any CPU
		{C342E8F3-080C-42A2-ADA5-1A9A3F8AF7FD}.Release|x86.ActiveCfg = Release|Any CPU
		{C342E8F3-080C-42A2-ADA5-1A9A3F8AF7FD}.Release|x86.Build.0 = Release|Any CPU
	EndGlobalSection
	GlobalSection(SolutionProperties) = preSolution
		HideSolutionNode = FALSE
	EndGlobalSection
	GlobalSection(ExtensibilityGlobals) = postSolution
		SolutionGuid = {7B7DFFFB-39FF-4C5B-97D5-B111D0BE7C11}
	EndGlobalSection
EndGlobal
