
Microsoft Visual Studio Solution File, Format Version 12.00
# Visual Studio Version 17
VisualStudioVersion = 17.0.31903.59
MinimumVisualStudioVersion = 10.0.40219.1
Project("{FAE04EC0-301F-11D3-BF4B-00C04F79EFBC}") = "Minimact.CommandCenter", "Minimact.CommandCenter.csproj", "{82356E0B-C650-47F2-9046-BDBF61D7C248}"
EndProject
Project("{FAE04EC0-301F-11D3-BF4B-00C04F79EFBC}") = "Minimact.AspNetCore", "..\Minimact.AspNetCore\Minimact.AspNetCore.csproj", "{A1B2C3D4-E5F6-4A5B-9C8D-7E6F5A4B3C2D}"
EndProject
Project("{FAE04EC0-301F-11D3-BF4B-00C04F79EFBC}") = "Minimact.Workers", "..\Minimact.Workers\Minimact.Workers.csproj", "{B2C3D4E5-F6A7-5B6C-8D9E-7F8A6B5C4D3E}"
EndProject
Global
	GlobalSection(SolutionConfigurationPlatforms) = preSolution
		Debug|Any CPU = Debug|Any CPU
		Debug|x64 = Debug|x64
		Debug|x86 = Debug|x86
		Release|Any CPU = Release|Any CPU
		Release|x64 = Release|x64
		Release|x86 = Release|x86
	EndGlobalSection
	GlobalSection(ProjectConfigurationPlatforms) = postSolution
		{82356E0B-C650-47F2-9046-BDBF61D7C248}.Debug|Any CPU.ActiveCfg = Debug|Any CPU
		{82356E0B-C650-47F2-9046-BDBF61D7C248}.Debug|Any CPU.Build.0 = Debug|Any CPU
		{82356E0B-C650-47F2-9046-BDBF61D7C248}.Debug|x64.ActiveCfg = Debug|Any CPU
		{82356E0B-C650-47F2-9046-BDBF61D7C248}.Debug|x64.Build.0 = Debug|Any CPU
		{82356E0B-C650-47F2-9046-BDBF61D7C248}.Debug|x86.ActiveCfg = Debug|Any CPU
		{82356E0B-C650-47F2-9046-BDBF61D7C248}.Debug|x86.Build.0 = Debug|Any CPU
		{82356E0B-C650-47F2-9046-BDBF61D7C248}.Release|Any CPU.ActiveCfg = Release|Any CPU
		{82356E0B-C650-47F2-9046-BDBF61D7C248}.Release|Any CPU.Build.0 = Release|Any CPU
		{82356E0B-C650-47F2-9046-BDBF61D7C248}.Release|x64.ActiveCfg = Release|Any CPU
		{82356E0B-C650-47F2-9046-BDBF61D7C248}.Release|x64.Build.0 = Release|Any CPU
		{82356E0B-C650-47F2-9046-BDBF61D7C248}.Release|x86.ActiveCfg = Release|Any CPU
		{82356E0B-C650-47F2-9046-BDBF61D7C248}.Release|x86.Build.0 = Release|Any CPU
		{A1B2C3D4-E5F6-4A5B-9C8D-7E6F5A4B3C2D}.Debug|Any CPU.ActiveCfg = Debug|Any CPU
		{A1B2C3D4-E5F6-4A5B-9C8D-7E6F5A4B3C2D}.Debug|Any CPU.Build.0 = Debug|Any CPU
		{A1B2C3D4-E5F6-4A5B-9C8D-7E6F5A4B3C2D}.Debug|x64.ActiveCfg = Debug|Any CPU
		{A1B2C3D4-E5F6-4A5B-9C8D-7E6F5A4B3C2D}.Debug|x64.Build.0 = Debug|Any CPU
		{A1B2C3D4-E5F6-4A5B-9C8D-7E6F5A4B3C2D}.Debug|x86.ActiveCfg = Debug|Any CPU
		{A1B2C3D4-E5F6-4A5B-9C8D-7E6F5A4B3C2D}.Debug|x86.Build.0 = Debug|Any CPU
		{A1B2C3D4-E5F6-4A5B-9C8D-7E6F5A4B3C2D}.Release|Any CPU.ActiveCfg = Release|Any CPU
		{A1B2C3D4-E5F6-4A5B-9C8D-7E6F5A4B3C2D}.Release|Any CPU.Build.0 = Release|Any CPU
		{A1B2C3D4-E5F6-4A5B-9C8D-7E6F5A4B3C2D}.Release|x64.ActiveCfg = Release|Any CPU
		{A1B2C3D4-E5F6-4A5B-9C8D-7E6F5A4B3C2D}.Release|x64.Build.0 = Release|Any CPU
		{A1B2C3D4-E5F6-4A5B-9C8D-7E6F5A4B3C2D}.Release|x86.ActiveCfg = Release|Any CPU
		{A1B2C3D4-E5F6-4A5B-9C8D-7E6F5A4B3C2D}.Release|x86.Build.0 = Release|Any CPU
		{B2C3D4E5-F6A7-5B6C-8D9E-7F8A6B5C4D3E}.Debug|Any CPU.ActiveCfg = Debug|Any CPU
		{B2C3D4E5-F6A7-5B6C-8D9E-7F8A6B5C4D3E}.Debug|Any CPU.Build.0 = Debug|Any CPU
		{B2C3D4E5-F6A7-5B6C-8D9E-7F8A6B5C4D3E}.Debug|x64.ActiveCfg = Debug|Any CPU
		{B2C3D4E5-F6A7-5B6C-8D9E-7F8A6B5C4D3E}.Debug|x64.Build.0 = Debug|Any CPU
		{B2C3D4E5-F6A7-5B6C-8D9E-7F8A6B5C4D3E}.Debug|x86.ActiveCfg = Debug|Any CPU
		{B2C3D4E5-F6A7-5B6C-8D9E-7F8A6B5C4D3E}.Debug|x86.Build.0 = Debug|Any CPU
		{B2C3D4E5-F6A7-5B6C-8D9E-7F8A6B5C4D3E}.Release|Any CPU.ActiveCfg = Release|Any CPU
		{B2C3D4E5-F6A7-5B6C-8D9E-7F8A6B5C4D3E}.Release|Any CPU.Build.0 = Release|Any CPU
		{B2C3D4E5-F6A7-5B6C-8D9E-7F8A6B5C4D3E}.Release|x64.ActiveCfg = Release|Any CPU
		{B2C3D4E5-F6A7-5B6C-8D9E-7F8A6B5C4D3E}.Release|x64.Build.0 = Release|Any CPU
		{B2C3D4E5-F6A7-5B6C-8D9E-7F8A6B5C4D3E}.Release|x86.ActiveCfg = Release|Any CPU
		{B2C3D4E5-F6A7-5B6C-8D9E-7F8A6B5C4D3E}.Release|x86.Build.0 = Release|Any CPU
	EndGlobalSection
	GlobalSection(SolutionProperties) = preSolution
		HideSolutionNode = FALSE
	EndGlobalSection
EndGlobal
