
Microsoft Visual Studio Solution File, Format Version 12.00
# Visual Studio Version 17
VisualStudioVersion = 17.0.31903.59
MinimumVisualStudioVersion = 10.0.40219.1
Project("{FAE04EC0-301F-11D3-BF4B-00C04F79EFBC}") = "MyMvcApp", "MyMvcApp.csproj", "{AE80112F-CBD5-4070-9FD0-032EED1278FB}"
EndProject
Project("{FAE04EC0-301F-11D3-BF4B-00C04F79EFBC}") = "Minimact.AspNetCore", "..\..\projects\minimact\src\Minimact.AspNetCore\Minimact.AspNetCore.csproj", "{B572A047-A013-35EA-1103-8DFAE9C37E4B}"
EndProject
Global
	GlobalSection(SolutionConfigurationPlatforms) = preSolution
		Debug|Any CPU = Debug|Any CPU
		Debug|x64 = Debug|x64
		Debug|x86 = Debug|x86
		Release|Any CPU = Release|Any CPU
		Release|x64 = Release|x64
		Release|x86 = Release|x86
	EndGlobalSection
	GlobalSection(ProjectConfigurationPlatforms) = postSolution
		{AE80112F-CBD5-4070-9FD0-032EED1278FB}.Debug|Any CPU.ActiveCfg = Debug|Any CPU
		{AE80112F-CBD5-4070-9FD0-032EED1278FB}.Debug|Any CPU.Build.0 = Debug|Any CPU
		{AE80112F-CBD5-4070-9FD0-032EED1278FB}.Debug|x64.ActiveCfg = Debug|Any CPU
		{AE80112F-CBD5-4070-9FD0-032EED1278FB}.Debug|x64.Build.0 = Debug|Any CPU
		{AE80112F-CBD5-4070-9FD0-032EED1278FB}.Debug|x86.ActiveCfg = Debug|Any CPU
		{AE80112F-CBD5-4070-9FD0-032EED1278FB}.Debug|x86.Build.0 = Debug|Any CPU
		{AE80112F-CBD5-4070-9FD0-032EED1278FB}.Release|Any CPU.ActiveCfg = Release|Any CPU
		{AE80112F-CBD5-4070-9FD0-032EED1278FB}.Release|Any CPU.Build.0 = Release|Any CPU
		{AE80112F-CBD5-4070-9FD0-032EED1278FB}.Release|x64.ActiveCfg = Release|Any CPU
		{AE80112F-CBD5-4070-9FD0-032EED1278FB}.Release|x64.Build.0 = Release|Any CPU
		{AE80112F-CBD5-4070-9FD0-032EED1278FB}.Release|x86.ActiveCfg = Release|Any CPU
		{AE80112F-CBD5-4070-9FD0-032EED1278FB}.Release|x86.Build.0 = Release|Any CPU
		{B572A047-A013-35EA-1103-8DFAE9C37E4B}.Debug|Any CPU.ActiveCfg = Debug|Any CPU
		{B572A047-A013-35EA-1103-8DFAE9C37E4B}.Debug|Any CPU.Build.0 = Debug|Any CPU
		{B572A047-A013-35EA-1103-8DFAE9C37E4B}.Debug|x64.ActiveCfg = Debug|Any CPU
		{B572A047-A013-35EA-1103-8DFAE9C37E4B}.Debug|x64.Build.0 = Debug|Any CPU
		{B572A047-A013-35EA-1103-8DFAE9C37E4B}.Debug|x86.ActiveCfg = Debug|Any CPU
		{B572A047-A013-35EA-1103-8DFAE9C37E4B}.Debug|x86.Build.0 = Debug|Any CPU
		{B572A047-A013-35EA-1103-8DFAE9C37E4B}.Release|Any CPU.ActiveCfg = Release|Any CPU
		{B572A047-A013-35EA-1103-8DFAE9C37E4B}.Release|Any CPU.Build.0 = Release|Any CPU
		{B572A047-A013-35EA-1103-8DFAE9C37E4B}.Release|x64.ActiveCfg = Release|Any CPU
		{B572A047-A013-35EA-1103-8DFAE9C37E4B}.Release|x64.Build.0 = Release|Any CPU
		{B572A047-A013-35EA-1103-8DFAE9C37E4B}.Release|x86.ActiveCfg = Release|Any CPU
		{B572A047-A013-35EA-1103-8DFAE9C37E4B}.Release|x86.Build.0 = Release|Any CPU
	EndGlobalSection
	GlobalSection(SolutionProperties) = preSolution
		HideSolutionNode = FALSE
	EndGlobalSection
EndGlobal
